
Microsoft Visual Studio Solution File, Format Version 12.00
# Visual Studio Version 16
VisualStudioVersion = 16.0.35425.106
MinimumVisualStudioVersion = 10.0.40219.1
Project("{FAE04EC0-301F-11D3-BF4B-00C04F79EFBC}") = "technical assessment", "technical assessment.csproj", "{53DE584E-9166-4700-AF78-855CA1C8EB29}"
EndProject
Global
	GlobalSection(SolutionConfigurationPlatforms) = preSolution
		Debug|Any CPU = Debug|Any CPU
		Release|Any CPU = Release|Any CPU
	EndGlobalSection
	GlobalSection(ProjectConfigurationPlatforms) = postSolution
		{53DE584E-9166-4700-AF78-855CA1C8EB29}.Debug|Any CPU.ActiveCfg = Debug|Any CPU
		{53DE584E-9166-4700-AF78-855CA1C8EB29}.Debug|Any CPU.Build.0 = Debug|Any CPU
		{53DE584E-9166-4700-AF78-855CA1C8EB29}.Release|Any CPU.ActiveCfg = Release|Any CPU
		{53DE584E-9166-4700-AF78-855CA1C8EB29}.Release|Any CPU.Build.0 = Release|Any CPU
	EndGlobalSection
	GlobalSection(SolutionProperties) = preSolution
		HideSolutionNode = FALSE
	EndGlobalSection
	GlobalSection(ExtensibilityGlobals) = postSolution
		SolutionGuid = {238D14FB-D442-4FF9-8B82-FB618426C5D0}
	EndGlobalSection
EndGlobal
